
Microsoft Visual Studio Solution File, Format Version 11.00
# Visual Studio 2010
Project("{6141683F-8A12-4E36-9623-2EB02B2C2303}") = "boxworld", "boxworld\boxworld.isproj", "{1EFD9ED5-F2BC-44FB-BD43-771EA8346384}"
EndProject
Global
	GlobalSection(SolutionConfigurationPlatforms) = preSolution
		CD_ROM|Default = CD_ROM|Default
		DVD-5|Default = DVD-5|Default
		SingleImage|Default = SingleImage|Default
	EndGlobalSection
	GlobalSection(ProjectConfigurationPlatforms) = postSolution
		{1EFD9ED5-F2BC-44FB-BD43-771EA8346384}.CD_ROM|Default.ActiveCfg = CD_ROM
		{1EFD9ED5-F2BC-44FB-BD43-771EA8346384}.CD_ROM|Default.Build.0 = CD_ROM
		{1EFD9ED5-F2BC-44FB-BD43-771EA8346384}.DVD-5|Default.ActiveCfg = DVD-5
		{1EFD9ED5-F2BC-44FB-BD43-771EA8346384}.DVD-5|Default.Build.0 = DVD-5
		{1EFD9ED5-F2BC-44FB-BD43-771EA8346384}.SingleImage|Default.ActiveCfg = SingleImage
		{1EFD9ED5-F2BC-44FB-BD43-771EA8346384}.SingleImage|Default.Build.0 = SingleImage
	EndGlobalSection
	GlobalSection(SolutionProperties) = preSolution
		HideSolutionNode = FALSE
	EndGlobalSection
EndGlobal
